// !$*UTF8*$!
{
	archiveVersion = 1;
	classes = {
	};
	objectVersion = 51;
	objects = {

/* Begin PBXBuildFile section */
		855E102922B3823E003E6FDF /* AppDelegate.swift in Sources */ = {isa = PBXBuildFile; fileRef = 855E102822B3823E003E6FDF /* AppDelegate.swift */; };
		855E103022B38240003E6FDF /* Assets.xcassets in Resources */ = {isa = PBXBuildFile; fileRef = 855E102F22B38240003E6FDF /* Assets.xcassets */; };
		855E103322B38240003E6FDF /* LaunchScreen.storyboard in Resources */ = {isa = PBXBuildFile; fileRef = 855E103122B38240003E6FDF /* LaunchScreen.storyboard */; };
		8565881C22B3AFF000ABA85F /* HomeView.swift in Sources */ = {isa = PBXBuildFile; fileRef = 8565881822B3AFF000ABA85F /* HomeView.swift */; };
		8565881D22B3AFF000ABA85F /* HomeViewController.swift in Sources */ = {isa = PBXBuildFile; fileRef = 8565881922B3AFF000ABA85F /* HomeViewController.swift */; };
		8565881E22B3AFF000ABA85F /* MainView.swift in Sources */ = {isa = PBXBuildFile; fileRef = 8565881B22B3AFF000ABA85F /* MainView.swift */; };
		8565882022B3AFFD00ABA85F /* MainViewController.swift in Sources */ = {isa = PBXBuildFile; fileRef = 8565881F22B3AFFD00ABA85F /* MainViewController.swift */; };
		8565882422B3B07100ABA85F /* ReloadableView.swift in Sources */ = {isa = PBXBuildFile; fileRef = 8565882322B3B07100ABA85F /* ReloadableView.swift */; };
		8565882622B3B23A00ABA85F /* BaseViewController.swift in Sources */ = {isa = PBXBuildFile; fileRef = 8565882522B3B23A00ABA85F /* BaseViewController.swift */; };
		8565882A22B3B98F00ABA85F /* WithLeftIcon.swift in Sources */ = {isa = PBXBuildFile; fileRef = 8565882922B3B98F00ABA85F /* WithLeftIcon.swift */; };
		D9A8237BB19F34B326B6DD80 /* Pods_HelloLayout.framework in Frameworks */ = {isa = PBXBuildFile; fileRef = 5E8C7DE67DBD7335EDA2D620 /* Pods_HelloLayout.framework */; };
/* End PBXBuildFile section */

/* Begin PBXFileReference section */
		5E8C7DE67DBD7335EDA2D620 /* Pods_HelloLayout.framework */ = {isa = PBXFileReference; explicitFileType = wrapper.framework; includeInIndex = 0; path = Pods_HelloLayout.framework; sourceTree = BUILT_PRODUCTS_DIR; };
		855E102522B3823E003E6FDF /* HelloLayout.app */ = {isa = PBXFileReference; explicitFileType = wrapper.application; includeInIndex = 0; path = HelloLayout.app; sourceTree = BUILT_PRODUCTS_DIR; };
		855E102822B3823E003E6FDF /* AppDelegate.swift */ = {isa = PBXFileReference; lastKnownFileType = sourcecode.swift; path = AppDelegate.swift; sourceTree = "<group>"; };
		855E102F22B38240003E6FDF /* Assets.xcassets */ = {isa = PBXFileReference; lastKnownFileType = folder.assetcatalog; path = Assets.xcassets; sourceTree = "<group>"; };
		855E103222B38240003E6FDF /* Base */ = {isa = PBXFileReference; lastKnownFileType = file.storyboard; name = Base; path = Base.lproj/LaunchScreen.storyboard; sourceTree = "<group>"; };
		855E103422B38240003E6FDF /* Info.plist */ = {isa = PBXFileReference; lastKnownFileType = text.plist.xml; path = Info.plist; sourceTree = "<group>"; };
		8565881822B3AFF000ABA85F /* HomeView.swift */ = {isa = PBXFileReference; fileEncoding = 4; lastKnownFileType = sourcecode.swift; path = HomeView.swift; sourceTree = "<group>"; };
		8565881922B3AFF000ABA85F /* HomeViewController.swift */ = {isa = PBXFileReference; fileEncoding = 4; lastKnownFileType = sourcecode.swift; path = HomeViewController.swift; sourceTree = "<group>"; };
		8565881B22B3AFF000ABA85F /* MainView.swift */ = {isa = PBXFileReference; fileEncoding = 4; lastKnownFileType = sourcecode.swift; path = MainView.swift; sourceTree = "<group>"; };
		8565881F22B3AFFD00ABA85F /* MainViewController.swift */ = {isa = PBXFileReference; lastKnownFileType = sourcecode.swift; path = MainViewController.swift; sourceTree = "<group>"; };
		8565882322B3B07100ABA85F /* ReloadableView.swift */ = {isa = PBXFileReference; lastKnownFileType = sourcecode.swift; path = ReloadableView.swift; sourceTree = "<group>"; };
		8565882522B3B23A00ABA85F /* BaseViewController.swift */ = {isa = PBXFileReference; lastKnownFileType = sourcecode.swift; path = BaseViewController.swift; sourceTree = "<group>"; };
		8565882922B3B98F00ABA85F /* WithLeftIcon.swift */ = {isa = PBXFileReference; lastKnownFileType = sourcecode.swift; path = WithLeftIcon.swift; sourceTree = "<group>"; };
		A190DD0638146AB09A6C88C9 /* Pods-HelloLayout.release.xcconfig */ = {isa = PBXFileReference; includeInIndex = 1; lastKnownFileType = text.xcconfig; name = "Pods-HelloLayout.release.xcconfig"; path = "Target Support Files/Pods-HelloLayout/Pods-HelloLayout.release.xcconfig"; sourceTree = "<group>"; };
		B7FFD208DCC23E9002801062 /* Pods-HelloLayout.debug.xcconfig */ = {isa = PBXFileReference; includeInIndex = 1; lastKnownFileType = text.xcconfig; name = "Pods-HelloLayout.debug.xcconfig"; path = "Target Support Files/Pods-HelloLayout/Pods-HelloLayout.debug.xcconfig"; sourceTree = "<group>"; };
/* End PBXFileReference section */

/* Begin PBXFrameworksBuildPhase section */
		855E102222B3823E003E6FDF /* Frameworks */ = {
			isa = PBXFrameworksBuildPhase;
			buildActionMask = 2147483647;
			files = (
				D9A8237BB19F34B326B6DD80 /* Pods_HelloLayout.framework in Frameworks */,
			);
			runOnlyForDeploymentPostprocessing = 0;
		};
/* End PBXFrameworksBuildPhase section */

/* Begin PBXGroup section */
		53F7A7657F0A5786E70EA480 /* Pods */ = {
			isa = PBXGroup;
			children = (
				B7FFD208DCC23E9002801062 /* Pods-HelloLayout.debug.xcconfig */,
				A190DD0638146AB09A6C88C9 /* Pods-HelloLayout.release.xcconfig */,
			);
			path = Pods;
			sourceTree = "<group>";
		};
		855E101C22B3823E003E6FDF = {
			isa = PBXGroup;
			children = (
				855E102722B3823E003E6FDF /* HelloLayout */,
				855E102622B3823E003E6FDF /* Products */,
				53F7A7657F0A5786E70EA480 /* Pods */,
				F4CC52CC20A02014AB8B6987 /* Frameworks */,
			);
			sourceTree = "<group>";
		};
		855E102622B3823E003E6FDF /* Products */ = {
			isa = PBXGroup;
			children = (
				855E102522B3823E003E6FDF /* HelloLayout.app */,
			);
			name = Products;
			sourceTree = "<group>";
		};
		855E102722B3823E003E6FDF /* HelloLayout */ = {
			isa = PBXGroup;
			children = (
				8565882822B3B97600ABA85F /* CustomViews */,
				8565881522B3AFAD00ABA85F /* Screens */,
				855E102822B3823E003E6FDF /* AppDelegate.swift */,
				855E102F22B38240003E6FDF /* Assets.xcassets */,
				855E103122B38240003E6FDF /* LaunchScreen.storyboard */,
				855E103422B38240003E6FDF /* Info.plist */,
				8565882322B3B07100ABA85F /* ReloadableView.swift */,
				8565882522B3B23A00ABA85F /* BaseViewController.swift */,
			);
			path = HelloLayout;
			sourceTree = "<group>";
		};
		8565881522B3AFAD00ABA85F /* Screens */ = {
			isa = PBXGroup;
			children = (
				8565881722B3AFF000ABA85F /* Home */,
				8565881A22B3AFF000ABA85F /* Main */,
			);
			path = Screens;
			sourceTree = "<group>";
		};
		8565881722B3AFF000ABA85F /* Home */ = {
			isa = PBXGroup;
			children = (
				8565881822B3AFF000ABA85F /* HomeView.swift */,
				8565881922B3AFF000ABA85F /* HomeViewController.swift */,
			);
			path = Home;
			sourceTree = "<group>";
		};
		8565881A22B3AFF000ABA85F /* Main */ = {
			isa = PBXGroup;
			children = (
				8565881B22B3AFF000ABA85F /* MainView.swift */,
				8565881F22B3AFFD00ABA85F /* MainViewController.swift */,
			);
			path = Main;
			sourceTree = "<group>";
		};
		8565882822B3B97600ABA85F /* CustomViews */ = {
			isa = PBXGroup;
			children = (
				8565882922B3B98F00ABA85F /* WithLeftIcon.swift */,
			);
			path = CustomViews;
			sourceTree = "<group>";
		};
		F4CC52CC20A02014AB8B6987 /* Frameworks */ = {
			isa = PBXGroup;
			children = (
				5E8C7DE67DBD7335EDA2D620 /* Pods_HelloLayout.framework */,
			);
			name = Frameworks;
			sourceTree = "<group>";
		};
/* End PBXGroup section */

/* Begin PBXNativeTarget section */
		855E102422B3823E003E6FDF /* HelloLayout */ = {
			isa = PBXNativeTarget;
			buildConfigurationList = 855E103722B38240003E6FDF /* Build configuration list for PBXNativeTarget "HelloLayout" */;
			buildPhases = (
				BB510EF048EB07E9E8987CF7 /* [CP] Check Pods Manifest.lock */,
				855E102122B3823E003E6FDF /* Sources */,
				855E102222B3823E003E6FDF /* Frameworks */,
				855E102322B3823E003E6FDF /* Resources */,
				C7ACDF6709EFAF9AF5C81667 /* [CP] Embed Pods Frameworks */,
			);
			buildRules = (
			);
			dependencies = (
			);
			name = HelloLayout;
			productName = HelloLayout;
			productReference = 855E102522B3823E003E6FDF /* HelloLayout.app */;
			productType = "com.apple.product-type.application";
		};
/* End PBXNativeTarget section */

/* Begin PBXProject section */
		855E101D22B3823E003E6FDF /* Project object */ = {
			isa = PBXProject;
			attributes = {
				LastSwiftUpdateCheck = 1020;
				LastUpgradeCheck = 1020;
				TargetAttributes = {
					855E102422B3823E003E6FDF = {
						CreatedOnToolsVersion = 10.2.1;
					};
				};
			};
			buildConfigurationList = 855E102022B3823E003E6FDF /* Build configuration list for PBXProject "HelloLayout" */;
			compatibilityVersion = "Xcode 9.3";
			developmentRegion = en;
			hasScannedForEncodings = 0;
			knownRegions = (
				en,
				Base,
			);
			mainGroup = 855E101C22B3823E003E6FDF;
			productRefGroup = 855E102622B3823E003E6FDF /* Products */;
			projectDirPath = "";
			projectRoot = "";
			targets = (
				855E102422B3823E003E6FDF /* HelloLayout */,
			);
		};
/* End PBXProject section */

/* Begin PBXResourcesBuildPhase section */
		855E102322B3823E003E6FDF /* Resources */ = {
			isa = PBXResourcesBuildPhase;
			buildActionMask = 2147483647;
			files = (
				855E103322B38240003E6FDF /* LaunchScreen.storyboard in Resources */,
				855E103022B38240003E6FDF /* Assets.xcassets in Resources */,
			);
			runOnlyForDeploymentPostprocessing = 0;
		};
/* End PBXResourcesBuildPhase section */

/* Begin PBXShellScriptBuildPhase section */
		BB510EF048EB07E9E8987CF7 /* [CP] Check Pods Manifest.lock */ = {
			isa = PBXShellScriptBuildPhase;
			buildActionMask = 2147483647;
			files = (
			);
			inputFileListPaths = (
			);
			inputPaths = (
				"${PODS_PODFILE_DIR_PATH}/Podfile.lock",
				"${PODS_ROOT}/Manifest.lock",
			);
			name = "[CP] Check Pods Manifest.lock";
			outputFileListPaths = (
			);
			outputPaths = (
				"$(DERIVED_FILE_DIR)/Pods-HelloLayout-checkManifestLockResult.txt",
			);
			runOnlyForDeploymentPostprocessing = 0;
			shellPath = /bin/sh;
			shellScript = "diff \"${PODS_PODFILE_DIR_PATH}/Podfile.lock\" \"${PODS_ROOT}/Manifest.lock\" > /dev/null\nif [ $? != 0 ] ; then\n    # print error to STDERR\n    echo \"error: The sandbox is not in sync with the Podfile.lock. Run 'pod install' or update your CocoaPods installation.\" >&2\n    exit 1\nfi\n# This output is used by Xcode 'outputs' to avoid re-running this script phase.\necho \"SUCCESS\" > \"${SCRIPT_OUTPUT_FILE_0}\"\n";
			showEnvVarsInLog = 0;
		};
		C7ACDF6709EFAF9AF5C81667 /* [CP] Embed Pods Frameworks */ = {
			isa = PBXShellScriptBuildPhase;
			buildActionMask = 2147483647;
			files = (
			);
			inputFileListPaths = (
				"${PODS_ROOT}/Target Support Files/Pods-HelloLayout/Pods-HelloLayout-frameworks-${CONFIGURATION}-input-files.xcfilelist",
			);
			name = "[CP] Embed Pods Frameworks";
			outputFileListPaths = (
				"${PODS_ROOT}/Target Support Files/Pods-HelloLayout/Pods-HelloLayout-frameworks-${CONFIGURATION}-output-files.xcfilelist",
			);
			runOnlyForDeploymentPostprocessing = 0;
			shellPath = /bin/sh;
			shellScript = "\"${PODS_ROOT}/Target Support Files/Pods-HelloLayout/Pods-HelloLayout-frameworks.sh\"\n";
			showEnvVarsInLog = 0;
		};
/* End PBXShellScriptBuildPhase section */

/* Begin PBXSourcesBuildPhase section */
		855E102122B3823E003E6FDF /* Sources */ = {
			isa = PBXSourcesBuildPhase;
			buildActionMask = 2147483647;
			files = (
				8565881C22B3AFF000ABA85F /* HomeView.swift in Sources */,
				8565882422B3B07100ABA85F /* ReloadableView.swift in Sources */,
				855E102922B3823E003E6FDF /* AppDelegate.swift in Sources */,
				8565882022B3AFFD00ABA85F /* MainViewController.swift in Sources */,
				8565881E22B3AFF000ABA85F /* MainView.swift in Sources */,
				8565882A22B3B98F00ABA85F /* WithLeftIcon.swift in Sources */,
				8565882622B3B23A00ABA85F /* BaseViewController.swift in Sources */,
				8565881D22B3AFF000ABA85F /* HomeViewController.swift in Sources */,
			);
			runOnlyForDeploymentPostprocessing = 0;
		};
/* End PBXSourcesBuildPhase section */

/* Begin PBXVariantGroup section */
		855E103122B38240003E6FDF /* LaunchScreen.storyboard */ = {
			isa = PBXVariantGroup;
			children = (
				855E103222B38240003E6FDF /* Base */,
			);
			name = LaunchScreen.storyboard;
			sourceTree = "<group>";
		};
/* End PBXVariantGroup section */

/* Begin XCBuildConfiguration section */
		855E103522B38240003E6FDF /* Debug */ = {
			isa = XCBuildConfiguration;
			buildSettings = {
				ALWAYS_SEARCH_USER_PATHS = NO;
				CLANG_ANALYZER_NONNULL = YES;
				CLANG_ANALYZER_NUMBER_OBJECT_CONVERSION = YES_AGGRESSIVE;
				CLANG_CXX_LANGUAGE_STANDARD = "gnu++14";
				CLANG_CXX_LIBRARY = "libc++";
				CLANG_ENABLE_MODULES = YES;
				CLANG_ENABLE_OBJC_ARC = YES;
				CLANG_ENABLE_OBJC_WEAK = YES;
				CLANG_WARN_BLOCK_CAPTURE_AUTORELEASING = YES;
				CLANG_WARN_BOOL_CONVERSION = YES;
				CLANG_WARN_COMMA = YES;
				CLANG_WARN_CONSTANT_CONVERSION = YES;
				CLANG_WARN_DEPRECATED_OBJC_IMPLEMENTATIONS = YES;
				CLANG_WARN_DIRECT_OBJC_ISA_USAGE = YES_ERROR;
				CLANG_WARN_DOCUMENTATION_COMMENTS = YES;
				CLANG_WARN_EMPTY_BODY = YES;
				CLANG_WARN_ENUM_CONVERSION = YES;
				CLANG_WARN_INFINITE_RECURSION = YES;
				CLANG_WARN_INT_CONVERSION = YES;
				CLANG_WARN_NON_LITERAL_NULL_CONVERSION = YES;
				CLANG_WARN_OBJC_IMPLICIT_RETAIN_SELF = YES;
				CLANG_WARN_OBJC_LITERAL_CONVERSION = YES;
				CLANG_WARN_OBJC_ROOT_CLASS = YES_ERROR;
				CLANG_WARN_RANGE_LOOP_ANALYSIS = YES;
				CLANG_WARN_STRICT_PROTOTYPES = YES;
				CLANG_WARN_SUSPICIOUS_MOVE = YES;
				CLANG_WARN_UNGUARDED_AVAILABILITY = YES_AGGRESSIVE;
				CLANG_WARN_UNREACHABLE_CODE = YES;
				CLANG_WARN__DUPLICATE_METHOD_MATCH = YES;
				CODE_SIGN_IDENTITY = "iPhone Developer";
				COPY_PHASE_STRIP = NO;
				DEBUG_INFORMATION_FORMAT = dwarf;
				ENABLE_STRICT_OBJC_MSGSEND = YES;
				ENABLE_TESTABILITY = YES;
				GCC_C_LANGUAGE_STANDARD = gnu11;
				GCC_DYNAMIC_NO_PIC = NO;
				GCC_NO_COMMON_BLOCKS = YES;
				GCC_OPTIMIZATION_LEVEL = 0;
				GCC_PREPROCESSOR_DEFINITIONS = (
					"DEBUG=1",
					"$(inherited)",
				);
				GCC_WARN_64_TO_32_BIT_CONVERSION = YES;
				GCC_WARN_ABOUT_RETURN_TYPE = YES_ERROR;
				GCC_WARN_UNDECLARED_SELECTOR = YES;
				GCC_WARN_UNINITIALIZED_AUTOS = YES_AGGRESSIVE;
				GCC_WARN_UNUSED_FUNCTION = YES;
				GCC_WARN_UNUSED_VARIABLE = YES;
				IPHONEOS_DEPLOYMENT_TARGET = 12.2;
				MTL_ENABLE_DEBUG_INFO = INCLUDE_SOURCE;
				MTL_FAST_MATH = YES;
				ONLY_ACTIVE_ARCH = YES;
				SDKROOT = iphoneos;
				SWIFT_ACTIVE_COMPILATION_CONDITIONS = DEBUG;
				SWIFT_OPTIMIZATION_LEVEL = "-Onone";
			};
			name = Debug;
		};
		855E103622B38240003E6FDF /* Release */ = {
			isa = XCBuildConfiguration;
			buildSettings = {
				ALWAYS_SEARCH_USER_PATHS = NO;
				CLANG_ANALYZER_NONNULL = YES;
				CLANG_ANALYZER_NUMBER_OBJECT_CONVERSION = YES_AGGRESSIVE;
				CLANG_CXX_LANGUAGE_STANDARD = "gnu++14";
				CLANG_CXX_LIBRARY = "libc++";
				CLANG_ENABLE_MODULES = YES;
				CLANG_ENABLE_OBJC_ARC = YES;
				CLANG_ENABLE_OBJC_WEAK = YES;
				CLANG_WARN_BLOCK_CAPTURE_AUTORELEASING = YES;
				CLANG_WARN_BOOL_CONVERSION = YES;
				CLANG_WARN_COMMA = YES;
				CLANG_WARN_CONSTANT_CONVERSION = YES;
				CLANG_WARN_DEPRECATED_OBJC_IMPLEMENTATIONS = YES;
				CLANG_WARN_DIRECT_OBJC_ISA_USAGE = YES_ERROR;
				CLANG_WARN_DOCUMENTATION_COMMENTS = YES;
				CLANG_WARN_EMPTY_BODY = YES;
				CLANG_WARN_ENUM_CONVERSION = YES;
				CLANG_WARN_INFINITE_RECURSION = YES;
				CLANG_WARN_INT_CONVERSION = YES;
				CLANG_WARN_NON_LITERAL_NULL_CONVERSION = YES;
				CLANG_WARN_OBJC_IMPLICIT_RETAIN_SELF = YES;
				CLANG_WARN_OBJC_LITERAL_CONVERSION = YES;
				CLANG_WARN_OBJC_ROOT_CLASS = YES_ERROR;
				CLANG_WARN_RANGE_LOOP_ANALYSIS = YES;
				CLANG_WARN_STRICT_PROTOTYPES = YES;
				CLANG_WARN_SUSPICIOUS_MOVE = YES;
				CLANG_WARN_UNGUARDED_AVAILABILITY = YES_AGGRESSIVE;
				CLANG_WARN_UNREACHABLE_CODE = YES;
				CLANG_WARN__DUPLICATE_METHOD_MATCH = YES;
				CODE_SIGN_IDENTITY = "iPhone Developer";
				COPY_PHASE_STRIP = NO;
				DEBUG_INFORMATION_FORMAT = "dwarf-with-dsym";
				ENABLE_NS_ASSERTIONS = NO;
				ENABLE_STRICT_OBJC_MSGSEND = YES;
				GCC_C_LANGUAGE_STANDARD = gnu11;
				GCC_NO_COMMON_BLOCKS = YES;
				GCC_WARN_64_TO_32_BIT_CONVERSION = YES;
				GCC_WARN_ABOUT_RETURN_TYPE = YES_ERROR;
				GCC_WARN_UNDECLARED_SELECTOR = YES;
				GCC_WARN_UNINITIALIZED_AUTOS = YES_AGGRESSIVE;
				GCC_WARN_UNUSED_FUNCTION = YES;
				GCC_WARN_UNUSED_VARIABLE = YES;
				IPHONEOS_DEPLOYMENT_TARGET = 12.2;
				MTL_ENABLE_DEBUG_INFO = NO;
				MTL_FAST_MATH = YES;
				SDKROOT = iphoneos;
				SWIFT_COMPILATION_MODE = wholemodule;
				SWIFT_OPTIMIZATION_LEVEL = "-O";
				VALIDATE_PRODUCT = YES;
			};
			name = Release;
		};
		855E103822B38240003E6FDF /* Debug */ = {
			isa = XCBuildConfiguration;
			baseConfigurationReference = B7FFD208DCC23E9002801062 /* Pods-HelloLayout.debug.xcconfig */;
			buildSettings = {
				ASSETCATALOG_COMPILER_APPICON_NAME = AppIcon;
				CODE_SIGN_STYLE = Automatic;
				INFOPLIST_FILE = HelloLayout/Info.plist;
				LD_RUNPATH_SEARCH_PATHS = (
					"$(inherited)",
					"@executable_path/Frameworks",
				);
				PRODUCT_BUNDLE_IDENTIFIER = com.github.hellocore.HelloLayout;
				PRODUCT_NAME = "$(TARGET_NAME)";
				SWIFT_VERSION = 5.0;
				TARGETED_DEVICE_FAMILY = 1;
			};
			name = Debug;
		};
		855E103922B38240003E6FDF /* Release */ = {
			isa = XCBuildConfiguration;
			baseConfigurationReference = A190DD0638146AB09A6C88C9 /* Pods-HelloLayout.release.xcconfig */;
			buildSettings = {
				ASSETCATALOG_COMPILER_APPICON_NAME = AppIcon;
				CODE_SIGN_STYLE = Automatic;
				INFOPLIST_FILE = HelloLayout/Info.plist;
				LD_RUNPATH_SEARCH_PATHS = (
					"$(inherited)",
					"@executable_path/Frameworks",
				);
				PRODUCT_BUNDLE_IDENTIFIER = com.github.hellocore.HelloLayout;
				PRODUCT_NAME = "$(TARGET_NAME)";
				SWIFT_VERSION = 5.0;
				TARGETED_DEVICE_FAMILY = 1;
			};
			name = Release;
		};
/* End XCBuildConfiguration section */

/* Begin XCConfigurationList section */
		855E102022B3823E003E6FDF /* Build configuration list for PBXProject "HelloLayout" */ = {
			isa = XCConfigurationList;
			buildConfigurations = (
				855E103522B38240003E6FDF /* Debug */,
				855E103622B38240003E6FDF /* Release */,
			);
			defaultConfigurationIsVisible = 0;
			defaultConfigurationName = Release;
		};
		855E103722B38240003E6FDF /* Build configuration list for PBXNativeTarget "HelloLayout" */ = {
			isa = XCConfigurationList;
			buildConfigurations = (
				855E103822B38240003E6FDF /* Debug */,
				855E103922B38240003E6FDF /* Release */,
			);
			defaultConfigurationIsVisible = 0;
			defaultConfigurationName = Release;
		};
/* End XCConfigurationList section */
	};
	rootObject = 855E101D22B3823E003E6FDF /* Project object */;
}
